
Microsoft Visual Studio Solution File, Format Version 12.00
# Visual Studio Version 17
VisualStudioVersion = 17.0.31903.59
MinimumVisualStudioVersion = 10.0.40219.1
Project("{FAE04EC0-301F-11D3-BF4B-00C04F79EFBC}") = "quizzapp.api", "quizzapp.api\quizzapp.api.csproj", "{31B7DE50-8C71-47E2-A549-6DF8973D6DEB}"
EndProject
Project("{FAE04EC0-301F-11D3-BF4B-00C04F79EFBC}") = "quizzapp.business", "quizzapp.business\quizzapp.business.csproj", "{950819A3-F7DD-4D80-9C80-E7C553B95BA2}"
EndProject
Project("{FAE04EC0-301F-11D3-BF4B-00C04F79EFBC}") = "quizzapp.data", "quizzapp.data\quizzapp.data.csproj", "{420DB0C9-0FEB-414A-BA8A-933C344C9309}"
EndProject
Project("{FAE04EC0-301F-11D3-BF4B-00C04F79EFBC}") = "quizzapp.model", "quizzapp.model\quizzapp.model.csproj", "{F1DA43DE-0F78-4EAC-B017-5DAF77F47CA8}"
EndProject
Global
	GlobalSection(SolutionConfigurationPlatforms) = preSolution
		Debug|Any CPU = Debug|Any CPU
		Debug|x64 = Debug|x64
		Debug|x86 = Debug|x86
		Release|Any CPU = Release|Any CPU
		Release|x64 = Release|x64
		Release|x86 = Release|x86
	EndGlobalSection
	GlobalSection(ProjectConfigurationPlatforms) = postSolution
		{31B7DE50-8C71-47E2-A549-6DF8973D6DEB}.Debug|Any CPU.ActiveCfg = Debug|Any CPU
		{31B7DE50-8C71-47E2-A549-6DF8973D6DEB}.Debug|Any CPU.Build.0 = Debug|Any CPU
		{31B7DE50-8C71-47E2-A549-6DF8973D6DEB}.Debug|x64.ActiveCfg = Debug|Any CPU
		{31B7DE50-8C71-47E2-A549-6DF8973D6DEB}.Debug|x64.Build.0 = Debug|Any CPU
		{31B7DE50-8C71-47E2-A549-6DF8973D6DEB}.Debug|x86.ActiveCfg = Debug|Any CPU
		{31B7DE50-8C71-47E2-A549-6DF8973D6DEB}.Debug|x86.Build.0 = Debug|Any CPU
		{31B7DE50-8C71-47E2-A549-6DF8973D6DEB}.Release|Any CPU.ActiveCfg = Release|Any CPU
		{31B7DE50-8C71-47E2-A549-6DF8973D6DEB}.Release|Any CPU.Build.0 = Release|Any CPU
		{31B7DE50-8C71-47E2-A549-6DF8973D6DEB}.Release|x64.ActiveCfg = Release|Any CPU
		{31B7DE50-8C71-47E2-A549-6DF8973D6DEB}.Release|x64.Build.0 = Release|Any CPU
		{31B7DE50-8C71-47E2-A549-6DF8973D6DEB}.Release|x86.ActiveCfg = Release|Any CPU
		{31B7DE50-8C71-47E2-A549-6DF8973D6DEB}.Release|x86.Build.0 = Release|Any CPU
		{950819A3-F7DD-4D80-9C80-E7C553B95BA2}.Debug|Any CPU.ActiveCfg = Debug|Any CPU
		{950819A3-F7DD-4D80-9C80-E7C553B95BA2}.Debug|Any CPU.Build.0 = Debug|Any CPU
		{950819A3-F7DD-4D80-9C80-E7C553B95BA2}.Debug|x64.ActiveCfg = Debug|Any CPU
		{950819A3-F7DD-4D80-9C80-E7C553B95BA2}.Debug|x64.Build.0 = Debug|Any CPU
		{950819A3-F7DD-4D80-9C80-E7C553B95BA2}.Debug|x86.ActiveCfg = Debug|Any CPU
		{950819A3-F7DD-4D80-9C80-E7C553B95BA2}.Debug|x86.Build.0 = Debug|Any CPU
		{950819A3-F7DD-4D80-9C80-E7C553B95BA2}.Release|Any CPU.ActiveCfg = Release|Any CPU
		{950819A3-F7DD-4D80-9C80-E7C553B95BA2}.Release|Any CPU.Build.0 = Release|Any CPU
		{950819A3-F7DD-4D80-9C80-E7C553B95BA2}.Release|x64.ActiveCfg = Release|Any CPU
		{950819A3-F7DD-4D80-9C80-E7C553B95BA2}.Release|x64.Build.0 = Release|Any CPU
		{950819A3-F7DD-4D80-9C80-E7C553B95BA2}.Release|x86.ActiveCfg = Release|Any CPU
		{950819A3-F7DD-4D80-9C80-E7C553B95BA2}.Release|x86.Build.0 = Release|Any CPU
		{420DB0C9-0FEB-414A-BA8A-933C344C9309}.Debug|Any CPU.ActiveCfg = Debug|Any CPU
		{420DB0C9-0FEB-414A-BA8A-933C344C9309}.Debug|Any CPU.Build.0 = Debug|Any CPU
		{420DB0C9-0FEB-414A-BA8A-933C344C9309}.Debug|x64.ActiveCfg = Debug|Any CPU
		{420DB0C9-0FEB-414A-BA8A-933C344C9309}.Debug|x64.Build.0 = Debug|Any CPU
		{420DB0C9-0FEB-414A-BA8A-933C344C9309}.Debug|x86.ActiveCfg = Debug|Any CPU
		{420DB0C9-0FEB-414A-BA8A-933C344C9309}.Debug|x86.Build.0 = Debug|Any CPU
		{420DB0C9-0FEB-414A-BA8A-933C344C9309}.Release|Any CPU.ActiveCfg = Release|Any CPU
		{420DB0C9-0FEB-414A-BA8A-933C344C9309}.Release|Any CPU.Build.0 = Release|Any CPU
		{420DB0C9-0FEB-414A-BA8A-933C344C9309}.Release|x64.ActiveCfg = Release|Any CPU
		{420DB0C9-0FEB-414A-BA8A-933C344C9309}.Release|x64.Build.0 = Release|Any CPU
		{420DB0C9-0FEB-414A-BA8A-933C344C9309}.Release|x86.ActiveCfg = Release|Any CPU
		{420DB0C9-0FEB-414A-BA8A-933C344C9309}.Release|x86.Build.0 = Release|Any CPU
		{F1DA43DE-0F78-4EAC-B017-5DAF77F47CA8}.Debug|Any CPU.ActiveCfg = Debug|Any CPU
		{F1DA43DE-0F78-4EAC-B017-5DAF77F47CA8}.Debug|Any CPU.Build.0 = Debug|Any CPU
		{F1DA43DE-0F78-4EAC-B017-5DAF77F47CA8}.Debug|x64.ActiveCfg = Debug|Any CPU
		{F1DA43DE-0F78-4EAC-B017-5DAF77F47CA8}.Debug|x64.Build.0 = Debug|Any CPU
		{F1DA43DE-0F78-4EAC-B017-5DAF77F47CA8}.Debug|x86.ActiveCfg = Debug|Any CPU
		{F1DA43DE-0F78-4EAC-B017-5DAF77F47CA8}.Debug|x86.Build.0 = Debug|Any CPU
		{F1DA43DE-0F78-4EAC-B017-5DAF77F47CA8}.Release|Any CPU.ActiveCfg = Release|Any CPU
		{F1DA43DE-0F78-4EAC-B017-5DAF77F47CA8}.Release|Any CPU.Build.0 = Release|Any CPU
		{F1DA43DE-0F78-4EAC-B017-5DAF77F47CA8}.Release|x64.ActiveCfg = Release|Any CPU
		{F1DA43DE-0F78-4EAC-B017-5DAF77F47CA8}.Release|x64.Build.0 = Release|Any CPU
		{F1DA43DE-0F78-4EAC-B017-5DAF77F47CA8}.Release|x86.ActiveCfg = Release|Any CPU
		{F1DA43DE-0F78-4EAC-B017-5DAF77F47CA8}.Release|x86.Build.0 = Release|Any CPU
	EndGlobalSection
	GlobalSection(SolutionProperties) = preSolution
		HideSolutionNode = FALSE
	EndGlobalSection
EndGlobal
